
Microsoft Visual Studio Solution File, Format Version 12.00
# Visual Studio Version 16
VisualStudioVersion = 16.0.30204.135
MinimumVisualStudioVersion = 10.0.40219.1
Project("{9A19103F-16F7-4668-BE54-9A1E7A4F7556}") = "MovieStore.MVC", "MovieStore.MVC\MovieStore.MVC.csproj", "{03B0F7E6-61B1-4BD1-8B50-B12325A693E8}"
EndProject
Project("{FAE04EC0-301F-11D3-BF4B-00C04F79EFBC}") = "MovieStore.Core", "MovieStore.Core\MovieStore.Core.csproj", "{8E30F62E-FE5D-4D9E-B6EC-7FDC69D479A9}"
EndProject
Project("{FAE04EC0-301F-11D3-BF4B-00C04F79EFBC}") = "MovieStore.Infrastructure", "MovieStore.Infrastructure\MovieStore.Infrastructure.csproj", "{3E5AA46B-36CE-4770-B6F8-23F626FEE082}"
EndProject
Global
	GlobalSection(SolutionConfigurationPlatforms) = preSolution
		Debug|Any CPU = Debug|Any CPU
		Release|Any CPU = Release|Any CPU
	EndGlobalSection
	GlobalSection(ProjectConfigurationPlatforms) = postSolution
		{03B0F7E6-61B1-4BD1-8B50-B12325A693E8}.Debug|Any CPU.ActiveCfg = Debug|Any CPU
		{03B0F7E6-61B1-4BD1-8B50-B12325A693E8}.Debug|Any CPU.Build.0 = Debug|Any CPU
		{03B0F7E6-61B1-4BD1-8B50-B12325A693E8}.Release|Any CPU.ActiveCfg = Release|Any CPU
		{03B0F7E6-61B1-4BD1-8B50-B12325A693E8}.Release|Any CPU.Build.0 = Release|Any CPU
		{8E30F62E-FE5D-4D9E-B6EC-7FDC69D479A9}.Debug|Any CPU.ActiveCfg = Debug|Any CPU
		{8E30F62E-FE5D-4D9E-B6EC-7FDC69D479A9}.Debug|Any CPU.Build.0 = Debug|Any CPU
		{8E30F62E-FE5D-4D9E-B6EC-7FDC69D479A9}.Release|Any CPU.ActiveCfg = Release|Any CPU
		{8E30F62E-FE5D-4D9E-B6EC-7FDC69D479A9}.Release|Any CPU.Build.0 = Release|Any CPU
		{3E5AA46B-36CE-4770-B6F8-23F626FEE082}.Debug|Any CPU.ActiveCfg = Debug|Any CPU
		{3E5AA46B-36CE-4770-B6F8-23F626FEE082}.Debug|Any CPU.Build.0 = Debug|Any CPU
		{3E5AA46B-36CE-4770-B6F8-23F626FEE082}.Release|Any CPU.ActiveCfg = Release|Any CPU
		{3E5AA46B-36CE-4770-B6F8-23F626FEE082}.Release|Any CPU.Build.0 = Release|Any CPU
	EndGlobalSection
	GlobalSection(SolutionProperties) = preSolution
		HideSolutionNode = FALSE
	EndGlobalSection
	GlobalSection(ExtensibilityGlobals) = postSolution
		SolutionGuid = {896B509D-0B60-44B9-AE78-153B0508BB2C}
	EndGlobalSection
EndGlobal
